<?xml version="1.0" encoding="utf-8"?>
<Project ToolsVersion="4.0" xmlns="http://schemas.microsoft.com/developer/msbuild/2003">
  <ItemGroup>
    <Filter Include="Source Files">
      <UniqueIdentifier>{4FC737F1-C7A5-4376-A066-2A32D752A2FF}</UniqueIdentifier>
      <Extensions>cpp;c;cc;cxx;def;odl;idl;hpj;bat;asm;asmx</Extensions>
    </Filter>
    <Filter Include="Header Files">
      <UniqueIdentifier>{93995380-89BD-4b04-88EB-625FBE52EBFB}</UniqueIdentifier>
      <Extensions>h;hh;hpp;hxx;hm;inl;inc;ipp;xsd</Extensions>
    </Filter>
    <Filter Include="Resource Files">
      <UniqueIdentifier>{67DA6AB6-F800-4c08-8B7A-83BB121AAD01}</UniqueIdentifier>
      <Extensions>rc;ico;cur;bmp;dlg;rc2;rct;bin;rgs;gif;jpg;jpeg;jpe;resx;tiff;tif;png;wav;mfcribbon-ms</Extensions>
    </Filter>
    <Filter Include="pch">
      <UniqueIdentifier>{15d93fed-cb45-4b86-932b-d7e1df221c86}</UniqueIdentifier>
    </Filter>
    <Filter Include="mem">
      <UniqueIdentifier>{5a4fe51e-5662-431e-827c-4337615faa38}</UniqueIdentifier>
    </Filter>
    <Filter Include="proc">
      <UniqueIdentifier>{fa2028c5-7fb4-4501-817d-c1b17b3e4325}</UniqueIdentifier>
    </Filter>
    <Filter Include="SDK_CPP">
      <UniqueIdentifier>{4af1c83a-a59b-4a98-8918-be1fcf2664bd}</UniqueIdentifier>
    </Filter>
    <Filter Include="Coroutine">
      <UniqueIdentifier>{1865378b-473d-4d12-a93e-870f585bae27}</UniqueIdentifier>
    </Filter>
  </ItemGroup>
  <ItemGroup>
    <ClInclude Include="targetver.h">
      <Filter>pch</Filter>
    </ClInclude>
    <ClInclude Include="mem.h">
      <Filter>mem</Filter>
    </ClInclude>
    <ClInclude Include="proc.h">
      <Filter>proc</Filter>
    </ClInclude>
    <ClInclude Include="stdafx.h">
      <Filter>proc</Filter>
    </ClInclude>
    <ClInclude Include="dllmain.h">
      <Filter>Header Files</Filter>
    </ClInclude>
    <ClInclude Include="SDK.h">
      <Filter>Header Files</Filter>
    </ClInclude>
    <ClInclude Include="SDK\CoreUObject_structs.h">
      <Filter>Header Files</Filter>
    </ClInclude>
  </ItemGroup>
  <ItemGroup>
    <ClCompile Include="dllmain.cpp">
      <Filter>Source Files</Filter>
    </ClCompile>
    <ClCompile Include="stdafx.cpp">
      <Filter>pch</Filter>
    </ClCompile>
    <ClCompile Include="mem.cpp">
      <Filter>mem</Filter>
    </ClCompile>
    <ClCompile Include="proc.cpp">
      <Filter>proc</Filter>
    </ClCompile>
    <ClCompile Include="SDK\CoreUObject_functions.cpp">
      <Filter>SDK_CPP</Filter>
    </ClCompile>
    <ClCompile Include="SDK\Engine_functions.cpp">
      <Filter>SDK_CPP</Filter>
    </ClCompile>
    <ClCompile Include="SDK\AIModule_functions.cpp">
      <Filter>SDK_CPP</Filter>
    </ClCompile>
    <ClCompile Include="SDK\LightPropagationVolumeRuntime_functions.cpp">
      <Filter>SDK_CPP</Filter>
    </ClCompile>
    <ClCompile Include="SDK\EngineSettings_functions.cpp">
      <Filter>SDK_CPP</Filter>
    </ClCompile>
    <ClCompile Include="SDK\LightManager_functions.cpp">
      <Filter>SDK_CPP</Filter>
    </ClCompile>
    <ClCompile Include="SDK\Vent_Repair_Power_functions.cpp">
      <Filter>SDK_CPP</Filter>
    </ClCompile>
    <ClCompile Include="SDK\BlackoutManager_functions.cpp">
      <Filter>SDK_CPP</Filter>
    </ClCompile>
    <ClCompile Include="SDK\Floor_Flashlight_functions.cpp">
      <Filter>SDK_CPP</Filter>
    </ClCompile>
    <ClCompile Include="SDK\Power_functions.cpp">
      <Filter>SDK_CPP</Filter>
    </ClCompile>
    <ClCompile Include="SDK\LightSlider_functions.cpp">
      <Filter>SDK_CPP</Filter>
    </ClCompile>
    <ClCompile Include="SDK\Office01_LightManager_Bp_functions.cpp">
      <Filter>SDK_CPP</Filter>
    </ClCompile>
    <ClCompile Include="SDK\PowerLVL_functions.cpp">
      <Filter>SDK_CPP</Filter>
    </ClCompile>
    <ClCompile Include="SDK\Office01_Doors_functions.cpp">
      <Filter>SDK_CPP</Filter>
    </ClCompile>
    <ClCompile Include="SDK\Office01_Door_Bp_functions.cpp">
      <Filter>SDK_CPP</Filter>
    </ClCompile>
    <ClCompile Include="SDK\FunWithPlushtrap_ABP_functions.cpp">
      <Filter>SDK_CPP</Filter>
    </ClCompile>
    <ClCompile Include="SDK\FunWithNMBB_ABP_functions.cpp">
      <Filter>SDK_CPP</Filter>
    </ClCompile>
    <ClCompile Include="SDK\Office01_GameManager_functions.cpp">
      <Filter>SDK_CPP</Filter>
    </ClCompile>
    <ClCompile Include="SDK\HeadLight_functions.cpp">
      <Filter>SDK_CPP</Filter>
    </ClCompile>
    <ClCompile Include="SDK\Flashlight_Battery_Finale_functions.cpp">
      <Filter>SDK_CPP</Filter>
    </ClCompile>
    <ClCompile Include="SDK\FlashlightBase_functions.cpp">
      <Filter>SDK_CPP</Filter>
    </ClCompile>
    <ClCompile Include="SDK\FNAFPlayerPawn_functions.cpp">
      <Filter>SDK_CPP</Filter>
    </ClCompile>
    <ClCompile Include="SDK\Office_BaseGamemanager_functions.cpp">
      <Filter>SDK_CPP</Filter>
    </ClCompile>
    <ClCompile Include="SDK\IFNAFVisionFilter_functions.cpp">
      <Filter>SDK_CPP</Filter>
    </ClCompile>
    <ClCompile Include="SDK\IFlashLightInteractible_functions.cpp">
      <Filter>SDK_CPP</Filter>
    </ClCompile>
    <ClCompile Include="SDK\Flashlight_Battery_functions.cpp">
      <Filter>SDK_CPP</Filter>
    </ClCompile>
    <ClCompile Include="SDK\FlashLight_Power_functions.cpp">
      <Filter>SDK_CPP</Filter>
    </ClCompile>
    <ClCompile Include="SDK\LightBlocker_functions.cpp">
      <Filter>SDK_CPP</Filter>
    </ClCompile>
    <ClCompile Include="SDK\FNAFGM_FlashlightGame_functions.cpp">
      <Filter>SDK_CPP</Filter>
    </ClCompile>
    <ClCompile Include="SDK\SWGVR_functions.cpp">
      <Filter>SDK_CPP</Filter>
    </ClCompile>
    <ClCompile Include="SDK\Office01_AiBase_BP_functions.cpp">
      <Filter>SDK_CPP</Filter>
    </ClCompile>
    <ClCompile Include="SDK\Office03_Gamemanager_functions.cpp">
      <Filter>SDK_CPP</Filter>
    </ClCompile>
    <ClCompile Include="SDK\OfficeAiBase-Bp_functions.cpp">
      <Filter>SDK_CPP</Filter>
    </ClCompile>
    <ClCompile Include="SDK\Saul_MotionControllerPawn_functions.cpp">
      <Filter>SDK_CPP</Filter>
    </ClCompile>
    <ClCompile Include="SDK\Basic.cpp">
      <Filter>SDK_CPP</Filter>
    </ClCompile>
    <ClCompile Include="SDK\Monitor_ClockTime_functions.cpp">
      <Filter>SDK_CPP</Filter>
    </ClCompile>
    <ClCompile Include="SDK\Bedroom_ClockTime_functions.cpp">
      <Filter>SDK_CPP</Filter>
    </ClCompile>
    <ClCompile Include="SDK\MonitorButton_MusicInteractable_BP_functions.cpp">
      <Filter>SDK_CPP</Filter>
    </ClCompile>
  </ItemGroup>
</Project>